
Microsoft Visual Studio Solution File, Format Version 12.00
# Visual Studio 2013
VisualStudioVersion = 12.0.21005.1
MinimumVisualStudioVersion = 10.0.40219.1
Project("{FAE04EC0-301F-11D3-BF4B-00C04F79EFBC}") = "UsersEdit", "UsersEdit\UsersEdit.csproj", "{F8D388C9-305F-4910-8933-A1C8FE49D385}"
EndProject
Project("{FAE04EC0-301F-11D3-BF4B-00C04F79EFBC}") = "ApplicationRepository", "ApplicationRepository\ApplicationRepository.csproj", "{B433BC19-B88B-4549-8AC8-0E17199B4352}"
EndProject
Project("{FAE04EC0-301F-11D3-BF4B-00C04F79EFBC}") = "ApplicationBusinessLayer", "ApplicationBusinessLayer\ApplicationBusinessLayer.csproj", "{C2806872-5E00-4726-BAD5-54B8A495A7C4}"
EndProject
Project("{FAE04EC0-301F-11D3-BF4B-00C04F79EFBC}") = "Infrastructure", "Infrastructure\Infrastructure.csproj", "{23D48448-6E53-42AC-BF33-E23B80B61A3B}"
EndProject
Global
	GlobalSection(SolutionConfigurationPlatforms) = preSolution
		Debug|Any CPU = Debug|Any CPU
		Release|Any CPU = Release|Any CPU
	EndGlobalSection
	GlobalSection(ProjectConfigurationPlatforms) = postSolution
		{F8D388C9-305F-4910-8933-A1C8FE49D385}.Debug|Any CPU.ActiveCfg = Debug|Any CPU
		{F8D388C9-305F-4910-8933-A1C8FE49D385}.Debug|Any CPU.Build.0 = Debug|Any CPU
		{F8D388C9-305F-4910-8933-A1C8FE49D385}.Release|Any CPU.ActiveCfg = Release|Any CPU
		{F8D388C9-305F-4910-8933-A1C8FE49D385}.Release|Any CPU.Build.0 = Release|Any CPU
		{B433BC19-B88B-4549-8AC8-0E17199B4352}.Debug|Any CPU.ActiveCfg = Debug|Any CPU
		{B433BC19-B88B-4549-8AC8-0E17199B4352}.Debug|Any CPU.Build.0 = Debug|Any CPU
		{B433BC19-B88B-4549-8AC8-0E17199B4352}.Release|Any CPU.ActiveCfg = Release|Any CPU
		{B433BC19-B88B-4549-8AC8-0E17199B4352}.Release|Any CPU.Build.0 = Release|Any CPU
		{C2806872-5E00-4726-BAD5-54B8A495A7C4}.Debug|Any CPU.ActiveCfg = Debug|Any CPU
		{C2806872-5E00-4726-BAD5-54B8A495A7C4}.Debug|Any CPU.Build.0 = Debug|Any CPU
		{C2806872-5E00-4726-BAD5-54B8A495A7C4}.Release|Any CPU.ActiveCfg = Release|Any CPU
		{C2806872-5E00-4726-BAD5-54B8A495A7C4}.Release|Any CPU.Build.0 = Release|Any CPU
		{23D48448-6E53-42AC-BF33-E23B80B61A3B}.Debug|Any CPU.ActiveCfg = Debug|Any CPU
		{23D48448-6E53-42AC-BF33-E23B80B61A3B}.Debug|Any CPU.Build.0 = Debug|Any CPU
		{23D48448-6E53-42AC-BF33-E23B80B61A3B}.Release|Any CPU.ActiveCfg = Release|Any CPU
		{23D48448-6E53-42AC-BF33-E23B80B61A3B}.Release|Any CPU.Build.0 = Release|Any CPU
	EndGlobalSection
	GlobalSection(SolutionProperties) = preSolution
		HideSolutionNode = FALSE
	EndGlobalSection
EndGlobal
